
Microsoft Visual Studio Solution File, Format Version 11.00
# Visual Studio 2010
Project("{FAE04EC0-301F-11D3-BF4B-00C04F79EFBC}") = "Assembly-CSharp-firstpass", "Assembly-CSharp-firstpass.csproj", "{e7c0669d-db35-e4b6-5263-a3d1a1bc02e3}"
EndProject
Project("{FAE04EC0-301F-11D3-BF4B-00C04F79EFBC}") = "Assembly-CSharp", "Assembly-CSharp.csproj", "{c14d8c2f-c1d8-6a6e-1bbe-b9157e802eab}"
EndProject
Global
	GlobalSection(SolutionConfigurationPlatforms) = preSolution
		Debug|Any CPU = Debug|Any CPU
	EndGlobalSection
	GlobalSection(ProjectConfigurationPlatforms) = postSolution
		{e7c0669d-db35-e4b6-5263-a3d1a1bc02e3}.Debug|Any CPU.ActiveCfg = Debug|Any CPU
		{e7c0669d-db35-e4b6-5263-a3d1a1bc02e3}.Debug|Any CPU.Build.0 = Debug|Any CPU
		{c14d8c2f-c1d8-6a6e-1bbe-b9157e802eab}.Debug|Any CPU.ActiveCfg = Debug|Any CPU
		{c14d8c2f-c1d8-6a6e-1bbe-b9157e802eab}.Debug|Any CPU.Build.0 = Debug|Any CPU
	EndGlobalSection
	GlobalSection(SolutionProperties) = preSolution
		HideSolutionNode = FALSE
	EndGlobalSection
EndGlobal
